
Microsoft Visual Studio Solution File, Format Version 12.00
# Visual Studio 2012
Project("{FAE04EC0-301F-11D3-BF4B-00C04F79EFBC}") = "TreehouseDefensev2", "TreehouseDefensev2\TreehouseDefensev2.csproj", "{9B747CD0-70B1-458B-9608-D6F5C1A02606}"
EndProject
Global
	GlobalSection(SolutionConfigurationPlatforms) = preSolution
		Debug|Any CPU = Debug|Any CPU
		Release|Any CPU = Release|Any CPU
	EndGlobalSection
	GlobalSection(ProjectConfigurationPlatforms) = postSolution
		{9B747CD0-70B1-458B-9608-D6F5C1A02606}.Debug|Any CPU.ActiveCfg = Debug|Any CPU
		{9B747CD0-70B1-458B-9608-D6F5C1A02606}.Debug|Any CPU.Build.0 = Debug|Any CPU
		{9B747CD0-70B1-458B-9608-D6F5C1A02606}.Release|Any CPU.ActiveCfg = Release|Any CPU
		{9B747CD0-70B1-458B-9608-D6F5C1A02606}.Release|Any CPU.Build.0 = Release|Any CPU
	EndGlobalSection
EndGlobal
